// !$*UTF8*$!
{
	archiveVersion = 1;
	classes = {
	};
	objectVersion = 46;
	objects = {

/* Begin PBXBuildFile section */
		1D539E3E1B213544007400C2 /* WWAlpha.m in Sources */ = {isa = PBXBuildFile; fileRef = 1D539E051B213544007400C2 /* WWAlpha.m */; };
		1D539E3F1B213544007400C2 /* WWMove.m in Sources */ = {isa = PBXBuildFile; fileRef = 1D539E071B213544007400C2 /* WWMove.m */; };
		1D539E401B213544007400C2 /* WWRotation.m in Sources */ = {isa = PBXBuildFile; fileRef = 1D539E091B213544007400C2 /* WWRotation.m */; };
		1D539E411B213544007400C2 /* WWScale.m in Sources */ = {isa = PBXBuildFile; fileRef = 1D539E0B1B213544007400C2 /* WWScale.m */; };
		1D539E421B213544007400C2 /* WWScaleFromTo.m in Sources */ = {isa = PBXBuildFile; fileRef = 1D539E0D1B213544007400C2 /* WWScaleFromTo.m */; };
		1D539E431B213544007400C2 /* WWSize.m in Sources */ = {isa = PBXBuildFile; fileRef = 1D539E0F1B213544007400C2 /* WWSize.m */; };
		1D539E441B213544007400C2 /* WWContinuedEffect.m in Sources */ = {isa = PBXBuildFile; fileRef = 1D539E111B213544007400C2 /* WWContinuedEffect.m */; };
		1D539E451B213544007400C2 /* easing.c in Sources */ = {isa = PBXBuildFile; fileRef = 1D539E141B213544007400C2 /* easing.c */; };
		1D539E461B213544007400C2 /* WWBounceEaseIn.m in Sources */ = {isa = PBXBuildFile; fileRef = 1D539E171B213544007400C2 /* WWBounceEaseIn.m */; };
		1D539E471B213544007400C2 /* WWBounceEaseInOut.m in Sources */ = {isa = PBXBuildFile; fileRef = 1D539E191B213544007400C2 /* WWBounceEaseInOut.m */; };
		1D539E481B213544007400C2 /* WWBounceEaseOut.m in Sources */ = {isa = PBXBuildFile; fileRef = 1D539E1B1B213544007400C2 /* WWBounceEaseOut.m */; };
		1D539E491B213544007400C2 /* WWEase.m in Sources */ = {isa = PBXBuildFile; fileRef = 1D539E1D1B213544007400C2 /* WWEase.m */; };
		1D539E4A1B213544007400C2 /* WWElasticEaseIn.m in Sources */ = {isa = PBXBuildFile; fileRef = 1D539E1F1B213544007400C2 /* WWElasticEaseIn.m */; };
		1D539E4B1B213544007400C2 /* WWElasticEaseInOut.m in Sources */ = {isa = PBXBuildFile; fileRef = 1D539E211B213544007400C2 /* WWElasticEaseInOut.m */; };
		1D539E4C1B213544007400C2 /* WWElasticEaseOut.m in Sources */ = {isa = PBXBuildFile; fileRef = 1D539E231B213544007400C2 /* WWElasticEaseOut.m */; };
		1D539E4D1B213544007400C2 /* WWQuadraticEaseIn.m in Sources */ = {isa = PBXBuildFile; fileRef = 1D539E251B213544007400C2 /* WWQuadraticEaseIn.m */; };
		1D539E4E1B213544007400C2 /* WWQuadraticEaseInOut.m in Sources */ = {isa = PBXBuildFile; fileRef = 1D539E271B213544007400C2 /* WWQuadraticEaseInOut.m */; };
		1D539E4F1B213544007400C2 /* WWQuadraticEaseOut.m in Sources */ = {isa = PBXBuildFile; fileRef = 1D539E291B213544007400C2 /* WWQuadraticEaseOut.m */; };
		1D539E501B213544007400C2 /* WWBezier.m in Sources */ = {isa = PBXBuildFile; fileRef = 1D539E2B1B213544007400C2 /* WWBezier.m */; };
		1D539E511B213544007400C2 /* WWCallBack.m in Sources */ = {isa = PBXBuildFile; fileRef = 1D539E2D1B213544007400C2 /* WWCallBack.m */; };
		1D539E521B213544007400C2 /* WWRepeat.m in Sources */ = {isa = PBXBuildFile; fileRef = 1D539E2F1B213544007400C2 /* WWRepeat.m */; };
		1D539E531B213544007400C2 /* WWRepeatForever.m in Sources */ = {isa = PBXBuildFile; fileRef = 1D539E311B213544007400C2 /* WWRepeatForever.m */; };
		1D539E541B213544007400C2 /* WWReversal.m in Sources */ = {isa = PBXBuildFile; fileRef = 1D539E331B213544007400C2 /* WWReversal.m */; };
		1D539E551B213544007400C2 /* WWSequential.m in Sources */ = {isa = PBXBuildFile; fileRef = 1D539E351B213544007400C2 /* WWSequential.m */; };
		1D539E561B213544007400C2 /* WWSpwn.m in Sources */ = {isa = PBXBuildFile; fileRef = 1D539E371B213544007400C2 /* WWSpwn.m */; };
		1D539E571B213544007400C2 /* WWEffect.m in Sources */ = {isa = PBXBuildFile; fileRef = 1D539E391B213544007400C2 /* WWEffect.m */; };
		1D539E581B213544007400C2 /* WWManager.m in Sources */ = {isa = PBXBuildFile; fileRef = 1D539E3B1B213544007400C2 /* WWManager.m */; };
		1D539E591B213544007400C2 /* WWMath.m in Sources */ = {isa = PBXBuildFile; fileRef = 1D539E3D1B213544007400C2 /* WWMath.m */; };
		1DE9EE5F1B1BE40D00BCF483 /* main.m in Sources */ = {isa = PBXBuildFile; fileRef = 1DE9EE5E1B1BE40D00BCF483 /* main.m */; };
		1DE9EE621B1BE40D00BCF483 /* AppDelegate.m in Sources */ = {isa = PBXBuildFile; fileRef = 1DE9EE611B1BE40D00BCF483 /* AppDelegate.m */; };
		1DE9EE651B1BE40D00BCF483 /* ViewController.m in Sources */ = {isa = PBXBuildFile; fileRef = 1DE9EE641B1BE40D00BCF483 /* ViewController.m */; };
		1DE9EE681B1BE40D00BCF483 /* Main.storyboard in Resources */ = {isa = PBXBuildFile; fileRef = 1DE9EE661B1BE40D00BCF483 /* Main.storyboard */; };
		1DE9EE6A1B1BE40D00BCF483 /* Images.xcassets in Resources */ = {isa = PBXBuildFile; fileRef = 1DE9EE691B1BE40D00BCF483 /* Images.xcassets */; };
		1DE9EE6D1B1BE40D00BCF483 /* LaunchScreen.xib in Resources */ = {isa = PBXBuildFile; fileRef = 1DE9EE6B1B1BE40D00BCF483 /* LaunchScreen.xib */; };
		1DE9EE791B1BE40D00BCF483 /* AnimationDemoTests.m in Sources */ = {isa = PBXBuildFile; fileRef = 1DE9EE781B1BE40D00BCF483 /* AnimationDemoTests.m */; };
		1DE9EE871B1C0D0A00BCF483 /* WWAction.m in Sources */ = {isa = PBXBuildFile; fileRef = 1DE9EE861B1C0D0A00BCF483 /* WWAction.m */; };
/* End PBXBuildFile section */

/* Begin PBXContainerItemProxy section */
		1DE9EE731B1BE40D00BCF483 /* PBXContainerItemProxy */ = {
			isa = PBXContainerItemProxy;
			containerPortal = 1DE9EE511B1BE40D00BCF483 /* Project object */;
			proxyType = 1;
			remoteGlobalIDString = 1DE9EE581B1BE40D00BCF483;
			remoteInfo = AnimationDemo;
		};
/* End PBXContainerItemProxy section */

/* Begin PBXFileReference section */
		1D539E041B213544007400C2 /* WWAlpha.h */ = {isa = PBXFileReference; fileEncoding = 4; lastKnownFileType = sourcecode.c.h; path = WWAlpha.h; sourceTree = "<group>"; };
		1D539E051B213544007400C2 /* WWAlpha.m */ = {isa = PBXFileReference; fileEncoding = 4; lastKnownFileType = sourcecode.c.objc; path = WWAlpha.m; sourceTree = "<group>"; };
		1D539E061B213544007400C2 /* WWMove.h */ = {isa = PBXFileReference; fileEncoding = 4; lastKnownFileType = sourcecode.c.h; path = WWMove.h; sourceTree = "<group>"; };
		1D539E071B213544007400C2 /* WWMove.m */ = {isa = PBXFileReference; fileEncoding = 4; lastKnownFileType = sourcecode.c.objc; path = WWMove.m; sourceTree = "<group>"; };
		1D539E081B213544007400C2 /* WWRotation.h */ = {isa = PBXFileReference; fileEncoding = 4; lastKnownFileType = sourcecode.c.h; path = WWRotation.h; sourceTree = "<group>"; };
		1D539E091B213544007400C2 /* WWRotation.m */ = {isa = PBXFileReference; fileEncoding = 4; lastKnownFileType = sourcecode.c.objc; path = WWRotation.m; sourceTree = "<group>"; };
		1D539E0A1B213544007400C2 /* WWScale.h */ = {isa = PBXFileReference; fileEncoding = 4; lastKnownFileType = sourcecode.c.h; path = WWScale.h; sourceTree = "<group>"; };
		1D539E0B1B213544007400C2 /* WWScale.m */ = {isa = PBXFileReference; fileEncoding = 4; lastKnownFileType = sourcecode.c.objc; path = WWScale.m; sourceTree = "<group>"; };
		1D539E0C1B213544007400C2 /* WWScaleFromTo.h */ = {isa = PBXFileReference; fileEncoding = 4; lastKnownFileType = sourcecode.c.h; path = WWScaleFromTo.h; sourceTree = "<group>"; };
		1D539E0D1B213544007400C2 /* WWScaleFromTo.m */ = {isa = PBXFileReference; fileEncoding = 4; lastKnownFileType = sourcecode.c.objc; path = WWScaleFromTo.m; sourceTree = "<group>"; };
		1D539E0E1B213544007400C2 /* WWSize.h */ = {isa = PBXFileReference; fileEncoding = 4; lastKnownFileType = sourcecode.c.h; path = WWSize.h; sourceTree = "<group>"; };
		1D539E0F1B213544007400C2 /* WWSize.m */ = {isa = PBXFileReference; fileEncoding = 4; lastKnownFileType = sourcecode.c.objc; path = WWSize.m; sourceTree = "<group>"; };
		1D539E101B213544007400C2 /* WWContinuedEffect.h */ = {isa = PBXFileReference; fileEncoding = 4; lastKnownFileType = sourcecode.c.h; path = WWContinuedEffect.h; sourceTree = "<group>"; };
		1D539E111B213544007400C2 /* WWContinuedEffect.m */ = {isa = PBXFileReference; fileEncoding = 4; lastKnownFileType = sourcecode.c.objc; path = WWContinuedEffect.m; sourceTree = "<group>"; };
		1D539E141B213544007400C2 /* easing.c */ = {isa = PBXFileReference; fileEncoding = 4; lastKnownFileType = sourcecode.c.c; path = easing.c; sourceTree = "<group>"; };
		1D539E151B213544007400C2 /* easing.h */ = {isa = PBXFileReference; fileEncoding = 4; lastKnownFileType = sourcecode.c.h; path = easing.h; sourceTree = "<group>"; };
		1D539E161B213544007400C2 /* WWBounceEaseIn.h */ = {isa = PBXFileReference; fileEncoding = 4; lastKnownFileType = sourcecode.c.h; path = WWBounceEaseIn.h; sourceTree = "<group>"; };
		1D539E171B213544007400C2 /* WWBounceEaseIn.m */ = {isa = PBXFileReference; fileEncoding = 4; lastKnownFileType = sourcecode.c.objc; path = WWBounceEaseIn.m; sourceTree = "<group>"; };
		1D539E181B213544007400C2 /* WWBounceEaseInOut.h */ = {isa = PBXFileReference; fileEncoding = 4; lastKnownFileType = sourcecode.c.h; path = WWBounceEaseInOut.h; sourceTree = "<group>"; };
		1D539E191B213544007400C2 /* WWBounceEaseInOut.m */ = {isa = PBXFileReference; fileEncoding = 4; lastKnownFileType = sourcecode.c.objc; path = WWBounceEaseInOut.m; sourceTree = "<group>"; };
		1D539E1A1B213544007400C2 /* WWBounceEaseOut.h */ = {isa = PBXFileReference; fileEncoding = 4; lastKnownFileType = sourcecode.c.h; path = WWBounceEaseOut.h; sourceTree = "<group>"; };
		1D539E1B1B213544007400C2 /* WWBounceEaseOut.m */ = {isa = PBXFileReference; fileEncoding = 4; lastKnownFileType = sourcecode.c.objc; path = WWBounceEaseOut.m; sourceTree = "<group>"; };
		1D539E1C1B213544007400C2 /* WWEase.h */ = {isa = PBXFileReference; fileEncoding = 4; lastKnownFileType = sourcecode.c.h; path = WWEase.h; sourceTree = "<group>"; };
		1D539E1D1B213544007400C2 /* WWEase.m */ = {isa = PBXFileReference; fileEncoding = 4; lastKnownFileType = sourcecode.c.objc; path = WWEase.m; sourceTree = "<group>"; };
		1D539E1E1B213544007400C2 /* WWElasticEaseIn.h */ = {isa = PBXFileReference; fileEncoding = 4; lastKnownFileType = sourcecode.c.h; path = WWElasticEaseIn.h; sourceTree = "<group>"; };
		1D539E1F1B213544007400C2 /* WWElasticEaseIn.m */ = {isa = PBXFileReference; fileEncoding = 4; lastKnownFileType = sourcecode.c.objc; path = WWElasticEaseIn.m; sourceTree = "<group>"; };
		1D539E201B213544007400C2 /* WWElasticEaseInOut.h */ = {isa = PBXFileReference; fileEncoding = 4; lastKnownFileType = sourcecode.c.h; path = WWElasticEaseInOut.h; sourceTree = "<group>"; };
		1D539E211B213544007400C2 /* WWElasticEaseInOut.m */ = {isa = PBXFileReference; fileEncoding = 4; lastKnownFileType = sourcecode.c.objc; path = WWElasticEaseInOut.m; sourceTree = "<group>"; };
		1D539E221B213544007400C2 /* WWElasticEaseOut.h */ = {isa = PBXFileReference; fileEncoding = 4; lastKnownFileType = sourcecode.c.h; path = WWElasticEaseOut.h; sourceTree = "<group>"; };
		1D539E231B213544007400C2 /* WWElasticEaseOut.m */ = {isa = PBXFileReference; fileEncoding = 4; lastKnownFileType = sourcecode.c.objc; path = WWElasticEaseOut.m; sourceTree = "<group>"; };
		1D539E241B213544007400C2 /* WWQuadraticEaseIn.h */ = {isa = PBXFileReference; fileEncoding = 4; lastKnownFileType = sourcecode.c.h; path = WWQuadraticEaseIn.h; sourceTree = "<group>"; };
		1D539E251B213544007400C2 /* WWQuadraticEaseIn.m */ = {isa = PBXFileReference; fileEncoding = 4; lastKnownFileType = sourcecode.c.objc; path = WWQuadraticEaseIn.m; sourceTree = "<group>"; };
		1D539E261B213544007400C2 /* WWQuadraticEaseInOut.h */ = {isa = PBXFileReference; fileEncoding = 4; lastKnownFileType = sourcecode.c.h; path = WWQuadraticEaseInOut.h; sourceTree = "<group>"; };
		1D539E271B213544007400C2 /* WWQuadraticEaseInOut.m */ = {isa = PBXFileReference; fileEncoding = 4; lastKnownFileType = sourcecode.c.objc; path = WWQuadraticEaseInOut.m; sourceTree = "<group>"; };
		1D539E281B213544007400C2 /* WWQuadraticEaseOut.h */ = {isa = PBXFileReference; fileEncoding = 4; lastKnownFileType = sourcecode.c.h; path = WWQuadraticEaseOut.h; sourceTree = "<group>"; };
		1D539E291B213544007400C2 /* WWQuadraticEaseOut.m */ = {isa = PBXFileReference; fileEncoding = 4; lastKnownFileType = sourcecode.c.objc; path = WWQuadraticEaseOut.m; sourceTree = "<group>"; };
		1D539E2A1B213544007400C2 /* WWBezier.h */ = {isa = PBXFileReference; fileEncoding = 4; lastKnownFileType = sourcecode.c.h; path = WWBezier.h; sourceTree = "<group>"; };
		1D539E2B1B213544007400C2 /* WWBezier.m */ = {isa = PBXFileReference; fileEncoding = 4; lastKnownFileType = sourcecode.c.objc; path = WWBezier.m; sourceTree = "<group>"; };
		1D539E2C1B213544007400C2 /* WWCallBack.h */ = {isa = PBXFileReference; fileEncoding = 4; lastKnownFileType = sourcecode.c.h; path = WWCallBack.h; sourceTree = "<group>"; };
		1D539E2D1B213544007400C2 /* WWCallBack.m */ = {isa = PBXFileReference; fileEncoding = 4; lastKnownFileType = sourcecode.c.objc; path = WWCallBack.m; sourceTree = "<group>"; };
		1D539E2E1B213544007400C2 /* WWRepeat.h */ = {isa = PBXFileReference; fileEncoding = 4; lastKnownFileType = sourcecode.c.h; path = WWRepeat.h; sourceTree = "<group>"; };
		1D539E2F1B213544007400C2 /* WWRepeat.m */ = {isa = PBXFileReference; fileEncoding = 4; lastKnownFileType = sourcecode.c.objc; path = WWRepeat.m; sourceTree = "<group>"; };
		1D539E301B213544007400C2 /* WWRepeatForever.h */ = {isa = PBXFileReference; fileEncoding = 4; lastKnownFileType = sourcecode.c.h; path = WWRepeatForever.h; sourceTree = "<group>"; };
		1D539E311B213544007400C2 /* WWRepeatForever.m */ = {isa = PBXFileReference; fileEncoding = 4; lastKnownFileType = sourcecode.c.objc; path = WWRepeatForever.m; sourceTree = "<group>"; };
		1D539E321B213544007400C2 /* WWReversal.h */ = {isa = PBXFileReference; fileEncoding = 4; lastKnownFileType = sourcecode.c.h; path = WWReversal.h; sourceTree = "<group>"; };
		1D539E331B213544007400C2 /* WWReversal.m */ = {isa = PBXFileReference; fileEncoding = 4; lastKnownFileType = sourcecode.c.objc; path = WWReversal.m; sourceTree = "<group>"; };
		1D539E341B213544007400C2 /* WWSequential.h */ = {isa = PBXFileReference; fileEncoding = 4; lastKnownFileType = sourcecode.c.h; path = WWSequential.h; sourceTree = "<group>"; };
		1D539E351B213544007400C2 /* WWSequential.m */ = {isa = PBXFileReference; fileEncoding = 4; lastKnownFileType = sourcecode.c.objc; path = WWSequential.m; sourceTree = "<group>"; };
		1D539E361B213544007400C2 /* WWSpwn.h */ = {isa = PBXFileReference; fileEncoding = 4; lastKnownFileType = sourcecode.c.h; path = WWSpwn.h; sourceTree = "<group>"; };
		1D539E371B213544007400C2 /* WWSpwn.m */ = {isa = PBXFileReference; fileEncoding = 4; lastKnownFileType = sourcecode.c.objc; path = WWSpwn.m; sourceTree = "<group>"; };
		1D539E381B213544007400C2 /* WWEffect.h */ = {isa = PBXFileReference; fileEncoding = 4; lastKnownFileType = sourcecode.c.h; path = WWEffect.h; sourceTree = "<group>"; };
		1D539E391B213544007400C2 /* WWEffect.m */ = {isa = PBXFileReference; fileEncoding = 4; lastKnownFileType = sourcecode.c.objc; path = WWEffect.m; sourceTree = "<group>"; };
		1D539E3A1B213544007400C2 /* WWManager.h */ = {isa = PBXFileReference; fileEncoding = 4; lastKnownFileType = sourcecode.c.h; path = WWManager.h; sourceTree = "<group>"; };
		1D539E3B1B213544007400C2 /* WWManager.m */ = {isa = PBXFileReference; fileEncoding = 4; lastKnownFileType = sourcecode.c.objc; path = WWManager.m; sourceTree = "<group>"; };
		1D539E3C1B213544007400C2 /* WWMath.h */ = {isa = PBXFileReference; fileEncoding = 4; lastKnownFileType = sourcecode.c.h; path = WWMath.h; sourceTree = "<group>"; };
		1D539E3D1B213544007400C2 /* WWMath.m */ = {isa = PBXFileReference; fileEncoding = 4; lastKnownFileType = sourcecode.c.objc; path = WWMath.m; sourceTree = "<group>"; };
		1DE9EE591B1BE40D00BCF483 /* AnimationDemo.app */ = {isa = PBXFileReference; explicitFileType = wrapper.application; includeInIndex = 0; path = AnimationDemo.app; sourceTree = BUILT_PRODUCTS_DIR; };
		1DE9EE5D1B1BE40D00BCF483 /* Info.plist */ = {isa = PBXFileReference; lastKnownFileType = text.plist.xml; path = Info.plist; sourceTree = "<group>"; };
		1DE9EE5E1B1BE40D00BCF483 /* main.m */ = {isa = PBXFileReference; lastKnownFileType = sourcecode.c.objc; path = main.m; sourceTree = "<group>"; };
		1DE9EE601B1BE40D00BCF483 /* AppDelegate.h */ = {isa = PBXFileReference; lastKnownFileType = sourcecode.c.h; path = AppDelegate.h; sourceTree = "<group>"; };
		1DE9EE611B1BE40D00BCF483 /* AppDelegate.m */ = {isa = PBXFileReference; lastKnownFileType = sourcecode.c.objc; path = AppDelegate.m; sourceTree = "<group>"; };
		1DE9EE631B1BE40D00BCF483 /* ViewController.h */ = {isa = PBXFileReference; lastKnownFileType = sourcecode.c.h; path = ViewController.h; sourceTree = "<group>"; };
		1DE9EE641B1BE40D00BCF483 /* ViewController.m */ = {isa = PBXFileReference; lastKnownFileType = sourcecode.c.objc; path = ViewController.m; sourceTree = "<group>"; };
		1DE9EE671B1BE40D00BCF483 /* Base */ = {isa = PBXFileReference; lastKnownFileType = file.storyboard; name = Base; path = Base.lproj/Main.storyboard; sourceTree = "<group>"; };
		1DE9EE691B1BE40D00BCF483 /* Images.xcassets */ = {isa = PBXFileReference; lastKnownFileType = folder.assetcatalog; path = Images.xcassets; sourceTree = "<group>"; };
		1DE9EE6C1B1BE40D00BCF483 /* Base */ = {isa = PBXFileReference; lastKnownFileType = file.xib; name = Base; path = Base.lproj/LaunchScreen.xib; sourceTree = "<group>"; };
		1DE9EE721B1BE40D00BCF483 /* AnimationDemoTests.xctest */ = {isa = PBXFileReference; explicitFileType = wrapper.cfbundle; includeInIndex = 0; path = AnimationDemoTests.xctest; sourceTree = BUILT_PRODUCTS_DIR; };
		1DE9EE771B1BE40D00BCF483 /* Info.plist */ = {isa = PBXFileReference; lastKnownFileType = text.plist.xml; path = Info.plist; sourceTree = "<group>"; };
		1DE9EE781B1BE40D00BCF483 /* AnimationDemoTests.m */ = {isa = PBXFileReference; lastKnownFileType = sourcecode.c.objc; path = AnimationDemoTests.m; sourceTree = "<group>"; };
		1DE9EE851B1C0D0A00BCF483 /* WWAction.h */ = {isa = PBXFileReference; fileEncoding = 4; lastKnownFileType = sourcecode.c.h; path = WWAction.h; sourceTree = "<group>"; };
		1DE9EE861B1C0D0A00BCF483 /* WWAction.m */ = {isa = PBXFileReference; fileEncoding = 4; lastKnownFileType = sourcecode.c.objc; path = WWAction.m; sourceTree = "<group>"; };
/* End PBXFileReference section */

/* Begin PBXFrameworksBuildPhase section */
		1DE9EE561B1BE40D00BCF483 /* Frameworks */ = {
			isa = PBXFrameworksBuildPhase;
			buildActionMask = 2147483647;
			files = (
			);
			runOnlyForDeploymentPostprocessing = 0;
		};
		1DE9EE6F1B1BE40D00BCF483 /* Frameworks */ = {
			isa = PBXFrameworksBuildPhase;
			buildActionMask = 2147483647;
			files = (
			);
			runOnlyForDeploymentPostprocessing = 0;
		};
/* End PBXFrameworksBuildPhase section */

/* Begin PBXGroup section */
		1D539E011B213544007400C2 /* WWEffect */ = {
			isa = PBXGroup;
			children = (
				1D539E381B213544007400C2 /* WWEffect.h */,
				1D539E391B213544007400C2 /* WWEffect.m */,
				1D539E3A1B213544007400C2 /* WWManager.h */,
				1D539E3B1B213544007400C2 /* WWManager.m */,
				1D539E3C1B213544007400C2 /* WWMath.h */,
				1D539E3D1B213544007400C2 /* WWMath.m */,
				1D539E021B213544007400C2 /* continued */,
				1D539E121B213544007400C2 /* support */,
			);
			path = WWEffect;
			sourceTree = SOURCE_ROOT;
		};
		1D539E021B213544007400C2 /* continued */ = {
			isa = PBXGroup;
			children = (
				1D539E101B213544007400C2 /* WWContinuedEffect.h */,
				1D539E111B213544007400C2 /* WWContinuedEffect.m */,
				1D539E031B213544007400C2 /* continuedEffect */,
			);
			path = continued;
			sourceTree = "<group>";
		};
		1D539E031B213544007400C2 /* continuedEffect */ = {
			isa = PBXGroup;
			children = (
				1D539E041B213544007400C2 /* WWAlpha.h */,
				1D539E051B213544007400C2 /* WWAlpha.m */,
				1D539E061B213544007400C2 /* WWMove.h */,
				1D539E071B213544007400C2 /* WWMove.m */,
				1D539E081B213544007400C2 /* WWRotation.h */,
				1D539E091B213544007400C2 /* WWRotation.m */,
				1D539E0A1B213544007400C2 /* WWScale.h */,
				1D539E0B1B213544007400C2 /* WWScale.m */,
				1D539E0C1B213544007400C2 /* WWScaleFromTo.h */,
				1D539E0D1B213544007400C2 /* WWScaleFromTo.m */,
				1D539E0E1B213544007400C2 /* WWSize.h */,
				1D539E0F1B213544007400C2 /* WWSize.m */,
			);
			path = continuedEffect;
			sourceTree = "<group>";
		};
		1D539E121B213544007400C2 /* support */ = {
			isa = PBXGroup;
			children = (
				1D539E131B213544007400C2 /* ease */,
				1D539E2A1B213544007400C2 /* WWBezier.h */,
				1D539E2B1B213544007400C2 /* WWBezier.m */,
				1D539E2C1B213544007400C2 /* WWCallBack.h */,
				1D539E2D1B213544007400C2 /* WWCallBack.m */,
				1D539E2E1B213544007400C2 /* WWRepeat.h */,
				1D539E2F1B213544007400C2 /* WWRepeat.m */,
				1D539E301B213544007400C2 /* WWRepeatForever.h */,
				1D539E311B213544007400C2 /* WWRepeatForever.m */,
				1D539E321B213544007400C2 /* WWReversal.h */,
				1D539E331B213544007400C2 /* WWReversal.m */,
				1D539E341B213544007400C2 /* WWSequential.h */,
				1D539E351B213544007400C2 /* WWSequential.m */,
				1D539E361B213544007400C2 /* WWSpwn.h */,
				1D539E371B213544007400C2 /* WWSpwn.m */,
			);
			path = support;
			sourceTree = "<group>";
		};
		1D539E131B213544007400C2 /* ease */ = {
			isa = PBXGroup;
			children = (
				1D539E141B213544007400C2 /* easing.c */,
				1D539E151B213544007400C2 /* easing.h */,
				1D539E1C1B213544007400C2 /* WWEase.h */,
				1D539E1D1B213544007400C2 /* WWEase.m */,
				1D539E161B213544007400C2 /* WWBounceEaseIn.h */,
				1D539E171B213544007400C2 /* WWBounceEaseIn.m */,
				1D539E181B213544007400C2 /* WWBounceEaseInOut.h */,
				1D539E191B213544007400C2 /* WWBounceEaseInOut.m */,
				1D539E1A1B213544007400C2 /* WWBounceEaseOut.h */,
				1D539E1B1B213544007400C2 /* WWBounceEaseOut.m */,
				1D539E1E1B213544007400C2 /* WWElasticEaseIn.h */,
				1D539E1F1B213544007400C2 /* WWElasticEaseIn.m */,
				1D539E201B213544007400C2 /* WWElasticEaseInOut.h */,
				1D539E211B213544007400C2 /* WWElasticEaseInOut.m */,
				1D539E221B213544007400C2 /* WWElasticEaseOut.h */,
				1D539E231B213544007400C2 /* WWElasticEaseOut.m */,
				1D539E241B213544007400C2 /* WWQuadraticEaseIn.h */,
				1D539E251B213544007400C2 /* WWQuadraticEaseIn.m */,
				1D539E261B213544007400C2 /* WWQuadraticEaseInOut.h */,
				1D539E271B213544007400C2 /* WWQuadraticEaseInOut.m */,
				1D539E281B213544007400C2 /* WWQuadraticEaseOut.h */,
				1D539E291B213544007400C2 /* WWQuadraticEaseOut.m */,
			);
			path = ease;
			sourceTree = "<group>";
		};
		1DE9EE501B1BE40D00BCF483 = {
			isa = PBXGroup;
			children = (
				1DE9EE5B1B1BE40D00BCF483 /* AnimationDemo */,
				1DE9EE751B1BE40D00BCF483 /* AnimationDemoTests */,
				1DE9EE5A1B1BE40D00BCF483 /* Products */,
			);
			sourceTree = "<group>";
		};
		1DE9EE5A1B1BE40D00BCF483 /* Products */ = {
			isa = PBXGroup;
			children = (
				1DE9EE591B1BE40D00BCF483 /* AnimationDemo.app */,
				1DE9EE721B1BE40D00BCF483 /* AnimationDemoTests.xctest */,
			);
			name = Products;
			sourceTree = "<group>";
		};
		1DE9EE5B1B1BE40D00BCF483 /* AnimationDemo */ = {
			isa = PBXGroup;
			children = (
				1D539E011B213544007400C2 /* WWEffect */,
				1DE9EE601B1BE40D00BCF483 /* AppDelegate.h */,
				1DE9EE611B1BE40D00BCF483 /* AppDelegate.m */,
				1DE9EE631B1BE40D00BCF483 /* ViewController.h */,
				1DE9EE641B1BE40D00BCF483 /* ViewController.m */,
				1DE9EE851B1C0D0A00BCF483 /* WWAction.h */,
				1DE9EE861B1C0D0A00BCF483 /* WWAction.m */,
				1DE9EE661B1BE40D00BCF483 /* Main.storyboard */,
				1DE9EE691B1BE40D00BCF483 /* Images.xcassets */,
				1DE9EE6B1B1BE40D00BCF483 /* LaunchScreen.xib */,
				1DE9EE5C1B1BE40D00BCF483 /* Supporting Files */,
			);
			path = AnimationDemo;
			sourceTree = "<group>";
		};
		1DE9EE5C1B1BE40D00BCF483 /* Supporting Files */ = {
			isa = PBXGroup;
			children = (
				1DE9EE5D1B1BE40D00BCF483 /* Info.plist */,
				1DE9EE5E1B1BE40D00BCF483 /* main.m */,
			);
			name = "Supporting Files";
			sourceTree = "<group>";
		};
		1DE9EE751B1BE40D00BCF483 /* AnimationDemoTests */ = {
			isa = PBXGroup;
			children = (
				1DE9EE781B1BE40D00BCF483 /* AnimationDemoTests.m */,
				1DE9EE761B1BE40D00BCF483 /* Supporting Files */,
			);
			path = AnimationDemoTests;
			sourceTree = "<group>";
		};
		1DE9EE761B1BE40D00BCF483 /* Supporting Files */ = {
			isa = PBXGroup;
			children = (
				1DE9EE771B1BE40D00BCF483 /* Info.plist */,
			);
			name = "Supporting Files";
			sourceTree = "<group>";
		};
/* End PBXGroup section */

/* Begin PBXNativeTarget section */
		1DE9EE581B1BE40D00BCF483 /* AnimationDemo */ = {
			isa = PBXNativeTarget;
			buildConfigurationList = 1DE9EE7C1B1BE40D00BCF483 /* Build configuration list for PBXNativeTarget "AnimationDemo" */;
			buildPhases = (
				1DE9EE551B1BE40D00BCF483 /* Sources */,
				1DE9EE561B1BE40D00BCF483 /* Frameworks */,
				1DE9EE571B1BE40D00BCF483 /* Resources */,
			);
			buildRules = (
			);
			dependencies = (
			);
			name = AnimationDemo;
			productName = AnimationDemo;
			productReference = 1DE9EE591B1BE40D00BCF483 /* AnimationDemo.app */;
			productType = "com.apple.product-type.application";
		};
		1DE9EE711B1BE40D00BCF483 /* AnimationDemoTests */ = {
			isa = PBXNativeTarget;
			buildConfigurationList = 1DE9EE7F1B1BE40D00BCF483 /* Build configuration list for PBXNativeTarget "AnimationDemoTests" */;
			buildPhases = (
				1DE9EE6E1B1BE40D00BCF483 /* Sources */,
				1DE9EE6F1B1BE40D00BCF483 /* Frameworks */,
				1DE9EE701B1BE40D00BCF483 /* Resources */,
			);
			buildRules = (
			);
			dependencies = (
				1DE9EE741B1BE40D00BCF483 /* PBXTargetDependency */,
			);
			name = AnimationDemoTests;
			productName = AnimationDemoTests;
			productReference = 1DE9EE721B1BE40D00BCF483 /* AnimationDemoTests.xctest */;
			productType = "com.apple.product-type.bundle.unit-test";
		};
/* End PBXNativeTarget section */

/* Begin PBXProject section */
		1DE9EE511B1BE40D00BCF483 /* Project object */ = {
			isa = PBXProject;
			attributes = {
				LastUpgradeCheck = 0630;
				ORGANIZATIONNAME = wangyanchao;
				TargetAttributes = {
					1DE9EE581B1BE40D00BCF483 = {
						CreatedOnToolsVersion = 6.3;
					};
					1DE9EE711B1BE40D00BCF483 = {
						CreatedOnToolsVersion = 6.3;
						TestTargetID = 1DE9EE581B1BE40D00BCF483;
					};
				};
			};
			buildConfigurationList = 1DE9EE541B1BE40D00BCF483 /* Build configuration list for PBXProject "AnimationDemo" */;
			compatibilityVersion = "Xcode 3.2";
			developmentRegion = English;
			hasScannedForEncodings = 0;
			knownRegions = (
				en,
				Base,
			);
			mainGroup = 1DE9EE501B1BE40D00BCF483;
			productRefGroup = 1DE9EE5A1B1BE40D00BCF483 /* Products */;
			projectDirPath = "";
			projectRoot = "";
			targets = (
				1DE9EE581B1BE40D00BCF483 /* AnimationDemo */,
				1DE9EE711B1BE40D00BCF483 /* AnimationDemoTests */,
			);
		};
/* End PBXProject section */

/* Begin PBXResourcesBuildPhase section */
		1DE9EE571B1BE40D00BCF483 /* Resources */ = {
			isa = PBXResourcesBuildPhase;
			buildActionMask = 2147483647;
			files = (
				1DE9EE681B1BE40D00BCF483 /* Main.storyboard in Resources */,
				1DE9EE6D1B1BE40D00BCF483 /* LaunchScreen.xib in Resources */,
				1DE9EE6A1B1BE40D00BCF483 /* Images.xcassets in Resources */,
			);
			runOnlyForDeploymentPostprocessing = 0;
		};
		1DE9EE701B1BE40D00BCF483 /* Resources */ = {
			isa = PBXResourcesBuildPhase;
			buildActionMask = 2147483647;
			files = (
			);
			runOnlyForDeploymentPostprocessing = 0;
		};
/* End PBXResourcesBuildPhase section */

/* Begin PBXSourcesBuildPhase section */
		1DE9EE551B1BE40D00BCF483 /* Sources */ = {
			isa = PBXSourcesBuildPhase;
			buildActionMask = 2147483647;
			files = (
				1D539E481B213544007400C2 /* WWBounceEaseOut.m in Sources */,
				1D539E451B213544007400C2 /* easing.c in Sources */,
				1D539E401B213544007400C2 /* WWRotation.m in Sources */,
				1D539E581B213544007400C2 /* WWManager.m in Sources */,
				1D539E4D1B213544007400C2 /* WWQuadraticEaseIn.m in Sources */,
				1D539E441B213544007400C2 /* WWContinuedEffect.m in Sources */,
				1D539E471B213544007400C2 /* WWBounceEaseInOut.m in Sources */,
				1DE9EE651B1BE40D00BCF483 /* ViewController.m in Sources */,
				1D539E541B213544007400C2 /* WWReversal.m in Sources */,
				1D539E4A1B213544007400C2 /* WWElasticEaseIn.m in Sources */,
				1D539E501B213544007400C2 /* WWBezier.m in Sources */,
				1D539E411B213544007400C2 /* WWScale.m in Sources */,
				1D539E561B213544007400C2 /* WWSpwn.m in Sources */,
				1D539E3E1B213544007400C2 /* WWAlpha.m in Sources */,
				1DE9EE621B1BE40D00BCF483 /* AppDelegate.m in Sources */,
				1D539E521B213544007400C2 /* WWRepeat.m in Sources */,
				1DE9EE871B1C0D0A00BCF483 /* WWAction.m in Sources */,
				1D539E431B213544007400C2 /* WWSize.m in Sources */,
				1D539E4E1B213544007400C2 /* WWQuadraticEaseInOut.m in Sources */,
				1D539E531B213544007400C2 /* WWRepeatForever.m in Sources */,
				1D539E551B213544007400C2 /* WWSequential.m in Sources */,
				1D539E3F1B213544007400C2 /* WWMove.m in Sources */,
				1DE9EE5F1B1BE40D00BCF483 /* main.m in Sources */,
				1D539E421B213544007400C2 /* WWScaleFromTo.m in Sources */,
				1D539E511B213544007400C2 /* WWCallBack.m in Sources */,
				1D539E4C1B213544007400C2 /* WWElasticEaseOut.m in Sources */,
				1D539E4B1B213544007400C2 /* WWElasticEaseInOut.m in Sources */,
				1D539E591B213544007400C2 /* WWMath.m in Sources */,
				1D539E4F1B213544007400C2 /* WWQuadraticEaseOut.m in Sources */,
				1D539E461B213544007400C2 /* WWBounceEaseIn.m in Sources */,
				1D539E571B213544007400C2 /* WWEffect.m in Sources */,
				1D539E491B213544007400C2 /* WWEase.m in Sources */,
			);
			runOnlyForDeploymentPostprocessing = 0;
		};
		1DE9EE6E1B1BE40D00BCF483 /* Sources */ = {
			isa = PBXSourcesBuildPhase;
			buildActionMask = 2147483647;
			files = (
				1DE9EE791B1BE40D00BCF483 /* AnimationDemoTests.m in Sources */,
			);
			runOnlyForDeploymentPostprocessing = 0;
		};
/* End PBXSourcesBuildPhase section */

/* Begin PBXTargetDependency section */
		1DE9EE741B1BE40D00BCF483 /* PBXTargetDependency */ = {
			isa = PBXTargetDependency;
			target = 1DE9EE581B1BE40D00BCF483 /* AnimationDemo */;
			targetProxy = 1DE9EE731B1BE40D00BCF483 /* PBXContainerItemProxy */;
		};
/* End PBXTargetDependency section */

/* Begin PBXVariantGroup section */
		1DE9EE661B1BE40D00BCF483 /* Main.storyboard */ = {
			isa = PBXVariantGroup;
			children = (
				1DE9EE671B1BE40D00BCF483 /* Base */,
			);
			name = Main.storyboard;
			sourceTree = "<group>";
		};
		1DE9EE6B1B1BE40D00BCF483 /* LaunchScreen.xib */ = {
			isa = PBXVariantGroup;
			children = (
				1DE9EE6C1B1BE40D00BCF483 /* Base */,
			);
			name = LaunchScreen.xib;
			sourceTree = "<group>";
		};
/* End PBXVariantGroup section */

/* Begin XCBuildConfiguration section */
		1DE9EE7A1B1BE40D00BCF483 /* Debug */ = {
			isa = XCBuildConfiguration;
			buildSettings = {
				ALWAYS_SEARCH_USER_PATHS = NO;
				CLANG_CXX_LANGUAGE_STANDARD = "gnu++0x";
				CLANG_CXX_LIBRARY = "libc++";
				CLANG_ENABLE_MODULES = YES;
				CLANG_ENABLE_OBJC_ARC = YES;
				CLANG_WARN_BOOL_CONVERSION = YES;
				CLANG_WARN_CONSTANT_CONVERSION = YES;
				CLANG_WARN_DIRECT_OBJC_ISA_USAGE = YES_ERROR;
				CLANG_WARN_EMPTY_BODY = YES;
				CLANG_WARN_ENUM_CONVERSION = YES;
				CLANG_WARN_INT_CONVERSION = YES;
				CLANG_WARN_OBJC_ROOT_CLASS = YES_ERROR;
				CLANG_WARN_UNREACHABLE_CODE = YES;
				CLANG_WARN__DUPLICATE_METHOD_MATCH = YES;
				"CODE_SIGN_IDENTITY[sdk=iphoneos*]" = "iPhone Developer";
				COPY_PHASE_STRIP = NO;
				DEBUG_INFORMATION_FORMAT = "dwarf-with-dsym";
				ENABLE_STRICT_OBJC_MSGSEND = YES;
				GCC_C_LANGUAGE_STANDARD = gnu99;
				GCC_DYNAMIC_NO_PIC = NO;
				GCC_NO_COMMON_BLOCKS = YES;
				GCC_OPTIMIZATION_LEVEL = 0;
				GCC_PREPROCESSOR_DEFINITIONS = (
					"DEBUG=1",
					"$(inherited)",
				);
				GCC_SYMBOLS_PRIVATE_EXTERN = NO;
				GCC_WARN_64_TO_32_BIT_CONVERSION = YES;
				GCC_WARN_ABOUT_RETURN_TYPE = YES_ERROR;
				GCC_WARN_UNDECLARED_SELECTOR = YES;
				GCC_WARN_UNINITIALIZED_AUTOS = YES_AGGRESSIVE;
				GCC_WARN_UNUSED_FUNCTION = YES;
				GCC_WARN_UNUSED_VARIABLE = YES;
				IPHONEOS_DEPLOYMENT_TARGET = 7.0;
				MTL_ENABLE_DEBUG_INFO = YES;
				ONLY_ACTIVE_ARCH = YES;
				SDKROOT = iphoneos;
			};
			name = Debug;
		};
		1DE9EE7B1B1BE40D00BCF483 /* Release */ = {
			isa = XCBuildConfiguration;
			buildSettings = {
				ALWAYS_SEARCH_USER_PATHS = NO;
				CLANG_CXX_LANGUAGE_STANDARD = "gnu++0x";
				CLANG_CXX_LIBRARY = "libc++";
				CLANG_ENABLE_MODULES = YES;
				CLANG_ENABLE_OBJC_ARC = YES;
				CLANG_WARN_BOOL_CONVERSION = YES;
				CLANG_WARN_CONSTANT_CONVERSION = YES;
				CLANG_WARN_DIRECT_OBJC_ISA_USAGE = YES_ERROR;
				CLANG_WARN_EMPTY_BODY = YES;
				CLANG_WARN_ENUM_CONVERSION = YES;
				CLANG_WARN_INT_CONVERSION = YES;
				CLANG_WARN_OBJC_ROOT_CLASS = YES_ERROR;
				CLANG_WARN_UNREACHABLE_CODE = YES;
				CLANG_WARN__DUPLICATE_METHOD_MATCH = YES;
				"CODE_SIGN_IDENTITY[sdk=iphoneos*]" = "iPhone Developer";
				COPY_PHASE_STRIP = NO;
				DEBUG_INFORMATION_FORMAT = "dwarf-with-dsym";
				ENABLE_NS_ASSERTIONS = NO;
				ENABLE_STRICT_OBJC_MSGSEND = YES;
				GCC_C_LANGUAGE_STANDARD = gnu99;
				GCC_NO_COMMON_BLOCKS = YES;
				GCC_WARN_64_TO_32_BIT_CONVERSION = YES;
				GCC_WARN_ABOUT_RETURN_TYPE = YES_ERROR;
				GCC_WARN_UNDECLARED_SELECTOR = YES;
				GCC_WARN_UNINITIALIZED_AUTOS = YES_AGGRESSIVE;
				GCC_WARN_UNUSED_FUNCTION = YES;
				GCC_WARN_UNUSED_VARIABLE = YES;
				IPHONEOS_DEPLOYMENT_TARGET = 7.0;
				MTL_ENABLE_DEBUG_INFO = NO;
				SDKROOT = iphoneos;
				VALIDATE_PRODUCT = YES;
			};
			name = Release;
		};
		1DE9EE7D1B1BE40D00BCF483 /* Debug */ = {
			isa = XCBuildConfiguration;
			buildSettings = {
				ASSETCATALOG_COMPILER_APPICON_NAME = AppIcon;
				INFOPLIST_FILE = AnimationDemo/Info.plist;
				LD_RUNPATH_SEARCH_PATHS = "$(inherited) @executable_path/Frameworks";
				PRODUCT_NAME = "$(TARGET_NAME)";
			};
			name = Debug;
		};
		1DE9EE7E1B1BE40D00BCF483 /* Release */ = {
			isa = XCBuildConfiguration;
			buildSettings = {
				ASSETCATALOG_COMPILER_APPICON_NAME = AppIcon;
				INFOPLIST_FILE = AnimationDemo/Info.plist;
				LD_RUNPATH_SEARCH_PATHS = "$(inherited) @executable_path/Frameworks";
				PRODUCT_NAME = "$(TARGET_NAME)";
			};
			name = Release;
		};
		1DE9EE801B1BE40D00BCF483 /* Debug */ = {
			isa = XCBuildConfiguration;
			buildSettings = {
				BUNDLE_LOADER = "$(TEST_HOST)";
				FRAMEWORK_SEARCH_PATHS = (
					"$(SDKROOT)/Developer/Library/Frameworks",
					"$(inherited)",
				);
				GCC_PREPROCESSOR_DEFINITIONS = (
					"DEBUG=1",
					"$(inherited)",
				);
				INFOPLIST_FILE = AnimationDemoTests/Info.plist;
				LD_RUNPATH_SEARCH_PATHS = "$(inherited) @executable_path/Frameworks @loader_path/Frameworks";
				PRODUCT_NAME = "$(TARGET_NAME)";
				TEST_HOST = "$(BUILT_PRODUCTS_DIR)/AnimationDemo.app/AnimationDemo";
			};
			name = Debug;
		};
		1DE9EE811B1BE40D00BCF483 /* Release */ = {
			isa = XCBuildConfiguration;
			buildSettings = {
				BUNDLE_LOADER = "$(TEST_HOST)";
				FRAMEWORK_SEARCH_PATHS = (
					"$(SDKROOT)/Developer/Library/Frameworks",
					"$(inherited)",
				);
				INFOPLIST_FILE = AnimationDemoTests/Info.plist;
				LD_RUNPATH_SEARCH_PATHS = "$(inherited) @executable_path/Frameworks @loader_path/Frameworks";
				PRODUCT_NAME = "$(TARGET_NAME)";
				TEST_HOST = "$(BUILT_PRODUCTS_DIR)/AnimationDemo.app/AnimationDemo";
			};
			name = Release;
		};
/* End XCBuildConfiguration section */

/* Begin XCConfigurationList section */
		1DE9EE541B1BE40D00BCF483 /* Build configuration list for PBXProject "AnimationDemo" */ = {
			isa = XCConfigurationList;
			buildConfigurations = (
				1DE9EE7A1B1BE40D00BCF483 /* Debug */,
				1DE9EE7B1B1BE40D00BCF483 /* Release */,
			);
			defaultConfigurationIsVisible = 0;
			defaultConfigurationName = Release;
		};
		1DE9EE7C1B1BE40D00BCF483 /* Build configuration list for PBXNativeTarget "AnimationDemo" */ = {
			isa = XCConfigurationList;
			buildConfigurations = (
				1DE9EE7D1B1BE40D00BCF483 /* Debug */,
				1DE9EE7E1B1BE40D00BCF483 /* Release */,
			);
			defaultConfigurationIsVisible = 0;
			defaultConfigurationName = Release;
		};
		1DE9EE7F1B1BE40D00BCF483 /* Build configuration list for PBXNativeTarget "AnimationDemoTests" */ = {
			isa = XCConfigurationList;
			buildConfigurations = (
				1DE9EE801B1BE40D00BCF483 /* Debug */,
				1DE9EE811B1BE40D00BCF483 /* Release */,
			);
			defaultConfigurationIsVisible = 0;
			defaultConfigurationName = Release;
		};
/* End XCConfigurationList section */
	};
	rootObject = 1DE9EE511B1BE40D00BCF483 /* Project object */;
}
